
Microsoft Visual Studio Solution File, Format Version 12.00
# Visual Studio 15
Project("{FAE04EC0-301F-11D3-BF4B-00C04F79EFBC}") = "Assembly-CSharp", "Assembly-CSharp.csproj", "{E607F45D-6F96-B0F7-4D35-C2FB533950F7}"
EndProject
Project("{FAE04EC0-301F-11D3-BF4B-00C04F79EFBC}") = "Assembly-CSharp-Editor", "Assembly-CSharp-Editor.csproj", "{A0D95DC6-0687-88C6-90D3-8E7E93EDEC05}"
EndProject
Global
	GlobalSection(SolutionConfigurationPlatforms) = preSolution
		Debug|Any CPU = Debug|Any CPU
		Release|Any CPU = Release|Any CPU
	EndGlobalSection
	GlobalSection(ProjectConfigurationPlatforms) = postSolution
		{E607F45D-6F96-B0F7-4D35-C2FB533950F7}.Debug|Any CPU.ActiveCfg = Debug|Any CPU
		{E607F45D-6F96-B0F7-4D35-C2FB533950F7}.Debug|Any CPU.Build.0 = Debug|Any CPU
		{E607F45D-6F96-B0F7-4D35-C2FB533950F7}.Release|Any CPU.ActiveCfg = Release|Any CPU
		{E607F45D-6F96-B0F7-4D35-C2FB533950F7}.Release|Any CPU.Build.0 = Release|Any CPU
		{A0D95DC6-0687-88C6-90D3-8E7E93EDEC05}.Debug|Any CPU.ActiveCfg = Debug|Any CPU
		{A0D95DC6-0687-88C6-90D3-8E7E93EDEC05}.Debug|Any CPU.Build.0 = Debug|Any CPU
		{A0D95DC6-0687-88C6-90D3-8E7E93EDEC05}.Release|Any CPU.ActiveCfg = Release|Any CPU
		{A0D95DC6-0687-88C6-90D3-8E7E93EDEC05}.Release|Any CPU.Build.0 = Release|Any CPU
	EndGlobalSection
	GlobalSection(SolutionProperties) = preSolution
		HideSolutionNode = FALSE
	EndGlobalSection
EndGlobal
